{
  "name": "CONFIG2BINRES",
  "version": "1.0.0",
  "lockfileVersion": 1,
  "requires": true,
  "dependencies": {
    "@types/node": {
      "version": "16.11.35",
      "resolved": "https://registry.npmjs.org/@types/node/-/node-16.11.35.tgz",
      "integrity": "sha512-QXu45LyepgnhUfnIAj/FyT4uM87ug5KpIrgXfQtUPNAlx8w5hmd8z8emqCLNvG11QkpRSCG9Qg2buMxvqfjfsQ==",
      "dev": true
    }
  }
}
